// !$*UTF8*$!
{
	archiveVersion = 1;
	classes = {
	};
	objectVersion = 77;
	objects = {

/* Begin PBXBuildFile section */
		DB419E1D2D19C00300342857 /* Launch Screen.storyboard in Resources */ = {isa = PBXBuildFile; fileRef = DB419E1C2D19C00300342857 /* Launch Screen.storyboard */; };
		DB5ACB1F2D1BFB8A001E727D /* new-peninim-mt-inclined.ttf in Resources */ = {isa = PBXBuildFile; fileRef = DB5ACB1E2D1BFB8A001E727D /* new-peninim-mt-inclined.ttf */; };
		DB5ACB202D1BFB8A001E727D /* new-peninim-mt-inclined.ttf in Resources */ = {isa = PBXBuildFile; fileRef = DB5ACB1E2D1BFB8A001E727D /* new-peninim-mt-inclined.ttf */; };
		DB5ACB212D1BFB8A001E727D /* new-peninim-mt-inclined.ttf in Resources */ = {isa = PBXBuildFile; fileRef = DB5ACB1E2D1BFB8A001E727D /* new-peninim-mt-inclined.ttf */; };
		DB5C07872D1A971300506ABA /* Onboards.swift in Sources */ = {isa = PBXBuildFile; fileRef = DB5C07862D1A971300506ABA /* Onboards.swift */; };
		DBA8CEEF2D1C0BFF0079556E /* CountPages.swift in Sources */ = {isa = PBXBuildFile; fileRef = DBA8CEEE2D1C0BFF0079556E /* CountPages.swift */; };
		DBC76CE32D1953BC00CD96E5 /* SessionsPreparing3Tests.swift in Sources */ = {isa = PBXBuildFile; fileRef = DBC76CE12D1953BC00CD96E5 /* SessionsPreparing3Tests.swift */; };
		DBC76CEA2D1953BC00CD96E5 /* Preview Assets.xcassets in Resources */ = {isa = PBXBuildFile; fileRef = DBC76CE42D1953BC00CD96E5 /* Preview Assets.xcassets */; };
		DBC76CEB2D1953BC00CD96E5 /* Assets.xcassets in Resources */ = {isa = PBXBuildFile; fileRef = DBC76CE62D1953BC00CD96E5 /* Assets.xcassets */; };
		DBC76CED2D1953BC00CD96E5 /* SessionsPreparing3App.swift in Sources */ = {isa = PBXBuildFile; fileRef = DBC76CE82D1953BC00CD96E5 /* SessionsPreparing3App.swift */; };
		DBC76CF12D1953BC00CD96E5 /* SessionsPreparing3UITests.swift in Sources */ = {isa = PBXBuildFile; fileRef = DBC76CEE2D1953BC00CD96E5 /* SessionsPreparing3UITests.swift */; };
		DBC76CF22D1953BC00CD96E5 /* SessionsPreparing3UITestsLaunchTests.swift in Sources */ = {isa = PBXBuildFile; fileRef = DBC76CEF2D1953BC00CD96E5 /* SessionsPreparing3UITestsLaunchTests.swift */; };
		DBC76CF82D19549300CD96E5 /* LoginView.swift in Sources */ = {isa = PBXBuildFile; fileRef = DBC76CF72D19549300CD96E5 /* LoginView.swift */; };
		DBC76CFC2D19553C00CD96E5 /* CustomTextField.swift in Sources */ = {isa = PBXBuildFile; fileRef = DBC76CFB2D19553C00CD96E5 /* CustomTextField.swift */; };
		DBC76CFF2D1956EA00CD96E5 /* CustomTextFieldStyle.swift in Sources */ = {isa = PBXBuildFile; fileRef = DBC76CFE2D1956EA00CD96E5 /* CustomTextFieldStyle.swift */; };
		DBC76D022D195CB000CD96E5 /* String.swift in Sources */ = {isa = PBXBuildFile; fileRef = DBC76D012D195CB000CD96E5 /* String.swift */; };
		DBC76D042D195CFD00CD96E5 /* View.swift in Sources */ = {isa = PBXBuildFile; fileRef = DBC76D032D195CFD00CD96E5 /* View.swift */; };
		DBC76D072D195D3B00CD96E5 /* SupabaseService.swift in Sources */ = {isa = PBXBuildFile; fileRef = DBC76D062D195D3B00CD96E5 /* SupabaseService.swift */; };
		DBC76D0A2D195D5700CD96E5 /* Auth in Frameworks */ = {isa = PBXBuildFile; productRef = DBC76D092D195D5700CD96E5 /* Auth */; };
		DBC76D0C2D195D5700CD96E5 /* Functions in Frameworks */ = {isa = PBXBuildFile; productRef = DBC76D0B2D195D5700CD96E5 /* Functions */; };
		DBC76D0E2D195D5700CD96E5 /* PostgREST in Frameworks */ = {isa = PBXBuildFile; productRef = DBC76D0D2D195D5700CD96E5 /* PostgREST */; };
		DBC76D102D195D5700CD96E5 /* Realtime in Frameworks */ = {isa = PBXBuildFile; productRef = DBC76D0F2D195D5700CD96E5 /* Realtime */; };
		DBC76D122D195D5700CD96E5 /* Storage in Frameworks */ = {isa = PBXBuildFile; productRef = DBC76D112D195D5700CD96E5 /* Storage */; };
		DBC76D142D195D5700CD96E5 /* Supabase in Frameworks */ = {isa = PBXBuildFile; productRef = DBC76D132D195D5700CD96E5 /* Supabase */; };
/* End PBXBuildFile section */

/* Begin PBXContainerItemProxy section */
		DBC76CC52D1953A400CD96E5 /* PBXContainerItemProxy */ = {
			isa = PBXContainerItemProxy;
			containerPortal = DBC76CAC2D1953A300CD96E5 /* Project object */;
			proxyType = 1;
			remoteGlobalIDString = DBC76CB32D1953A300CD96E5;
			remoteInfo = SessionsPreparing3;
		};
		DBC76CCF2D1953A400CD96E5 /* PBXContainerItemProxy */ = {
			isa = PBXContainerItemProxy;
			containerPortal = DBC76CAC2D1953A300CD96E5 /* Project object */;
			proxyType = 1;
			remoteGlobalIDString = DBC76CB32D1953A300CD96E5;
			remoteInfo = SessionsPreparing3;
		};
/* End PBXContainerItemProxy section */

/* Begin PBXFileReference section */
		DB419E1C2D19C00300342857 /* Launch Screen.storyboard */ = {isa = PBXFileReference; lastKnownFileType = file.storyboard; path = "Launch Screen.storyboard"; sourceTree = "<group>"; };
		DB419E1E2D19C0D000342857 /* Info.plist */ = {isa = PBXFileReference; lastKnownFileType = text.plist; path = Info.plist; sourceTree = "<group>"; };
		DB5ACB1E2D1BFB8A001E727D /* new-peninim-mt-inclined.ttf */ = {isa = PBXFileReference; lastKnownFileType = file; path = "new-peninim-mt-inclined.ttf"; sourceTree = "<group>"; };
		DB5C07862D1A971300506ABA /* Onboards.swift */ = {isa = PBXFileReference; lastKnownFileType = sourcecode.swift; path = Onboards.swift; sourceTree = "<group>"; };
		DBA8CEEE2D1C0BFF0079556E /* CountPages.swift */ = {isa = PBXFileReference; lastKnownFileType = sourcecode.swift; path = CountPages.swift; sourceTree = "<group>"; };
		DBC76CB42D1953A300CD96E5 /* SessionsPreparing3.app */ = {isa = PBXFileReference; explicitFileType = wrapper.application; includeInIndex = 0; path = SessionsPreparing3.app; sourceTree = BUILT_PRODUCTS_DIR; };
		DBC76CC42D1953A400CD96E5 /* SessionsPreparing3Tests.xctest */ = {isa = PBXFileReference; explicitFileType = wrapper.cfbundle; includeInIndex = 0; path = SessionsPreparing3Tests.xctest; sourceTree = BUILT_PRODUCTS_DIR; };
		DBC76CCE2D1953A400CD96E5 /* SessionsPreparing3UITests.xctest */ = {isa = PBXFileReference; explicitFileType = wrapper.cfbundle; includeInIndex = 0; path = SessionsPreparing3UITests.xctest; sourceTree = BUILT_PRODUCTS_DIR; };
		DBC76CE12D1953BC00CD96E5 /* SessionsPreparing3Tests.swift */ = {isa = PBXFileReference; lastKnownFileType = sourcecode.swift; path = SessionsPreparing3Tests.swift; sourceTree = "<group>"; };
		DBC76CE42D1953BC00CD96E5 /* Preview Assets.xcassets */ = {isa = PBXFileReference; lastKnownFileType = folder.assetcatalog; path = "Preview Assets.xcassets"; sourceTree = "<group>"; };
		DBC76CE62D1953BC00CD96E5 /* Assets.xcassets */ = {isa = PBXFileReference; lastKnownFileType = folder.assetcatalog; path = Assets.xcassets; sourceTree = "<group>"; };
		DBC76CE82D1953BC00CD96E5 /* SessionsPreparing3App.swift */ = {isa = PBXFileReference; lastKnownFileType = sourcecode.swift; path = SessionsPreparing3App.swift; sourceTree = "<group>"; };
		DBC76CEE2D1953BC00CD96E5 /* SessionsPreparing3UITests.swift */ = {isa = PBXFileReference; lastKnownFileType = sourcecode.swift; path = SessionsPreparing3UITests.swift; sourceTree = "<group>"; };
		DBC76CEF2D1953BC00CD96E5 /* SessionsPreparing3UITestsLaunchTests.swift */ = {isa = PBXFileReference; lastKnownFileType = sourcecode.swift; path = SessionsPreparing3UITestsLaunchTests.swift; sourceTree = "<group>"; };
		DBC76CF72D19549300CD96E5 /* LoginView.swift */ = {isa = PBXFileReference; lastKnownFileType = sourcecode.swift; path = LoginView.swift; sourceTree = "<group>"; };
		DBC76CFB2D19553C00CD96E5 /* CustomTextField.swift */ = {isa = PBXFileReference; lastKnownFileType = sourcecode.swift; path = CustomTextField.swift; sourceTree = "<group>"; };
		DBC76CFE2D1956EA00CD96E5 /* CustomTextFieldStyle.swift */ = {isa = PBXFileReference; lastKnownFileType = sourcecode.swift; path = CustomTextFieldStyle.swift; sourceTree = "<group>"; };
		DBC76D012D195CB000CD96E5 /* String.swift */ = {isa = PBXFileReference; lastKnownFileType = sourcecode.swift; path = String.swift; sourceTree = "<group>"; };
		DBC76D032D195CFD00CD96E5 /* View.swift */ = {isa = PBXFileReference; lastKnownFileType = sourcecode.swift; path = View.swift; sourceTree = "<group>"; };
		DBC76D062D195D3B00CD96E5 /* SupabaseService.swift */ = {isa = PBXFileReference; lastKnownFileType = sourcecode.swift; path = SupabaseService.swift; sourceTree = "<group>"; };
/* End PBXFileReference section */

/* Begin PBXFrameworksBuildPhase section */
		DBC76CB12D1953A300CD96E5 /* Frameworks */ = {
			isa = PBXFrameworksBuildPhase;
			buildActionMask = 2147483647;
			files = (
				DBC76D0E2D195D5700CD96E5 /* PostgREST in Frameworks */,
				DBC76D0C2D195D5700CD96E5 /* Functions in Frameworks */,
				DBC76D142D195D5700CD96E5 /* Supabase in Frameworks */,
				DBC76D0A2D195D5700CD96E5 /* Auth in Frameworks */,
				DBC76D122D195D5700CD96E5 /* Storage in Frameworks */,
				DBC76D102D195D5700CD96E5 /* Realtime in Frameworks */,
			);
			runOnlyForDeploymentPostprocessing = 0;
		};
		DBC76CC12D1953A400CD96E5 /* Frameworks */ = {
			isa = PBXFrameworksBuildPhase;
			buildActionMask = 2147483647;
			files = (
			);
			runOnlyForDeploymentPostprocessing = 0;
		};
		DBC76CCB2D1953A400CD96E5 /* Frameworks */ = {
			isa = PBXFrameworksBuildPhase;
			buildActionMask = 2147483647;
			files = (
			);
			runOnlyForDeploymentPostprocessing = 0;
		};
/* End PBXFrameworksBuildPhase section */

/* Begin PBXGroup section */
		DB419E1F2D19C12E00342857 /* Launch Screen */ = {
			isa = PBXGroup;
			children = (
				DB419E1C2D19C00300342857 /* Launch Screen.storyboard */,
			);
			path = "Launch Screen";
			sourceTree = "<group>";
		};
		DB5C07822D1A957500506ABA /* Fonts */ = {
			isa = PBXGroup;
			children = (
				DB5ACB1E2D1BFB8A001E727D /* new-peninim-mt-inclined.ttf */,
			);
			path = Fonts;
			sourceTree = "<group>";
		};
		DB5C07852D1A970300506ABA /* Onboards */ = {
			isa = PBXGroup;
			children = (
				DB5C07862D1A971300506ABA /* Onboards.swift */,
			);
			path = Onboards;
			sourceTree = "<group>";
		};
		DBC76CAB2D1953A300CD96E5 = {
			isa = PBXGroup;
			children = (
				DBC76CE92D1953BC00CD96E5 /* SessionsPreparing3 */,
				DBC76CE22D1953BC00CD96E5 /* SessionsPreparing3Tests */,
				DBC76CF02D1953BC00CD96E5 /* SessionsPreparing3UITests */,
				DBC76CB52D1953A300CD96E5 /* Products */,
			);
			sourceTree = "<group>";
		};
		DBC76CB52D1953A300CD96E5 /* Products */ = {
			isa = PBXGroup;
			children = (
				DBC76CB42D1953A300CD96E5 /* SessionsPreparing3.app */,
				DBC76CC42D1953A400CD96E5 /* SessionsPreparing3Tests.xctest */,
				DBC76CCE2D1953A400CD96E5 /* SessionsPreparing3UITests.xctest */,
			);
			name = Products;
			sourceTree = "<group>";
		};
		DBC76CE22D1953BC00CD96E5 /* SessionsPreparing3Tests */ = {
			isa = PBXGroup;
			children = (
				DBC76CE12D1953BC00CD96E5 /* SessionsPreparing3Tests.swift */,
			);
			path = SessionsPreparing3Tests;
			sourceTree = "<group>";
		};
		DBC76CE52D1953BC00CD96E5 /* Preview Content */ = {
			isa = PBXGroup;
			children = (
				DBC76CE42D1953BC00CD96E5 /* Preview Assets.xcassets */,
			);
			path = "Preview Content";
			sourceTree = "<group>";
		};
		DBC76CE92D1953BC00CD96E5 /* SessionsPreparing3 */ = {
			isa = PBXGroup;
			children = (
				DB5C07822D1A957500506ABA /* Fonts */,
				DB419E1E2D19C0D000342857 /* Info.plist */,
				DBC76D052D195D2C00CD96E5 /* Service */,
				DBC76D002D195CAA00CD96E5 /* Extensions */,
				DBC76CFA2D19553000CD96E5 /* Components */,
				DBC76CF62D1953DB00CD96E5 /* Core */,
				DBC76CF42D1953D200CD96E5 /* App */,
				DBC76CF32D1953C500CD96E5 /* Resources */,
				DBC76CE52D1953BC00CD96E5 /* Preview Content */,
			);
			path = SessionsPreparing3;
			sourceTree = "<group>";
		};
		DBC76CF02D1953BC00CD96E5 /* SessionsPreparing3UITests */ = {
			isa = PBXGroup;
			children = (
				DBC76CEE2D1953BC00CD96E5 /* SessionsPreparing3UITests.swift */,
				DBC76CEF2D1953BC00CD96E5 /* SessionsPreparing3UITestsLaunchTests.swift */,
			);
			path = SessionsPreparing3UITests;
			sourceTree = "<group>";
		};
		DBC76CF32D1953C500CD96E5 /* Resources */ = {
			isa = PBXGroup;
			children = (
				DBC76CFD2D1956E100CD96E5 /* Styles */,
				DBC76CE62D1953BC00CD96E5 /* Assets.xcassets */,
			);
			path = Resources;
			sourceTree = "<group>";
		};
		DBC76CF42D1953D200CD96E5 /* App */ = {
			isa = PBXGroup;
			children = (
				DBC76CE82D1953BC00CD96E5 /* SessionsPreparing3App.swift */,
			);
			path = App;
			sourceTree = "<group>";
		};
		DBC76CF52D1953D600CD96E5 /* LogIn */ = {
			isa = PBXGroup;
			children = (
				DBC76CF72D19549300CD96E5 /* LoginView.swift */,
			);
			path = LogIn;
			sourceTree = "<group>";
		};
		DBC76CF62D1953DB00CD96E5 /* Core */ = {
			isa = PBXGroup;
			children = (
				DB5C07852D1A970300506ABA /* Onboards */,
				DB419E1F2D19C12E00342857 /* Launch Screen */,
				DBC76CF52D1953D600CD96E5 /* LogIn */,
			);
			path = Core;
			sourceTree = "<group>";
		};
		DBC76CFA2D19553000CD96E5 /* Components */ = {
			isa = PBXGroup;
			children = (
				DBC76CFB2D19553C00CD96E5 /* CustomTextField.swift */,
				DBA8CEEE2D1C0BFF0079556E /* CountPages.swift */,
			);
			path = Components;
			sourceTree = "<group>";
		};
		DBC76CFD2D1956E100CD96E5 /* Styles */ = {
			isa = PBXGroup;
			children = (
				DBC76CFE2D1956EA00CD96E5 /* CustomTextFieldStyle.swift */,
			);
			path = Styles;
			sourceTree = "<group>";
		};
		DBC76D002D195CAA00CD96E5 /* Extensions */ = {
			isa = PBXGroup;
			children = (
				DBC76D012D195CB000CD96E5 /* String.swift */,
				DBC76D032D195CFD00CD96E5 /* View.swift */,
			);
			path = Extensions;
			sourceTree = "<group>";
		};
		DBC76D052D195D2C00CD96E5 /* Service */ = {
			isa = PBXGroup;
			children = (
				DBC76D062D195D3B00CD96E5 /* SupabaseService.swift */,
			);
			path = Service;
			sourceTree = "<group>";
		};
/* End PBXGroup section */

/* Begin PBXNativeTarget section */
		DBC76CB32D1953A300CD96E5 /* SessionsPreparing3 */ = {
			isa = PBXNativeTarget;
			buildConfigurationList = DBC76CD82D1953A400CD96E5 /* Build configuration list for PBXNativeTarget "SessionsPreparing3" */;
			buildPhases = (
				DBC76CB02D1953A300CD96E5 /* Sources */,
				DBC76CB12D1953A300CD96E5 /* Frameworks */,
				DBC76CB22D1953A300CD96E5 /* Resources */,
			);
			buildRules = (
			);
			dependencies = (
			);
			name = SessionsPreparing3;
			packageProductDependencies = (
				DBC76D092D195D5700CD96E5 /* Auth */,
				DBC76D0B2D195D5700CD96E5 /* Functions */,
				DBC76D0D2D195D5700CD96E5 /* PostgREST */,
				DBC76D0F2D195D5700CD96E5 /* Realtime */,
				DBC76D112D195D5700CD96E5 /* Storage */,
				DBC76D132D195D5700CD96E5 /* Supabase */,
			);
			productName = SessionsPreparing3;
			productReference = DBC76CB42D1953A300CD96E5 /* SessionsPreparing3.app */;
			productType = "com.apple.product-type.application";
		};
		DBC76CC32D1953A400CD96E5 /* SessionsPreparing3Tests */ = {
			isa = PBXNativeTarget;
			buildConfigurationList = DBC76CDB2D1953A400CD96E5 /* Build configuration list for PBXNativeTarget "SessionsPreparing3Tests" */;
			buildPhases = (
				DBC76CC02D1953A400CD96E5 /* Sources */,
				DBC76CC12D1953A400CD96E5 /* Frameworks */,
				DBC76CC22D1953A400CD96E5 /* Resources */,
			);
			buildRules = (
			);
			dependencies = (
				DBC76CC62D1953A400CD96E5 /* PBXTargetDependency */,
			);
			name = SessionsPreparing3Tests;
			packageProductDependencies = (
			);
			productName = SessionsPreparing3Tests;
			productReference = DBC76CC42D1953A400CD96E5 /* SessionsPreparing3Tests.xctest */;
			productType = "com.apple.product-type.bundle.unit-test";
		};
		DBC76CCD2D1953A400CD96E5 /* SessionsPreparing3UITests */ = {
			isa = PBXNativeTarget;
			buildConfigurationList = DBC76CDE2D1953A400CD96E5 /* Build configuration list for PBXNativeTarget "SessionsPreparing3UITests" */;
			buildPhases = (
				DBC76CCA2D1953A400CD96E5 /* Sources */,
				DBC76CCB2D1953A400CD96E5 /* Frameworks */,
				DBC76CCC2D1953A400CD96E5 /* Resources */,
			);
			buildRules = (
			);
			dependencies = (
				DBC76CD02D1953A400CD96E5 /* PBXTargetDependency */,
			);
			name = SessionsPreparing3UITests;
			packageProductDependencies = (
			);
			productName = SessionsPreparing3UITests;
			productReference = DBC76CCE2D1953A400CD96E5 /* SessionsPreparing3UITests.xctest */;
			productType = "com.apple.product-type.bundle.ui-testing";
		};
/* End PBXNativeTarget section */

/* Begin PBXProject section */
		DBC76CAC2D1953A300CD96E5 /* Project object */ = {
			isa = PBXProject;
			attributes = {
				BuildIndependentTargetsInParallel = 1;
				LastSwiftUpdateCheck = 1620;
				LastUpgradeCheck = 1620;
				TargetAttributes = {
					DBC76CB32D1953A300CD96E5 = {
						CreatedOnToolsVersion = 16.2;
					};
					DBC76CC32D1953A400CD96E5 = {
						CreatedOnToolsVersion = 16.2;
						TestTargetID = DBC76CB32D1953A300CD96E5;
					};
					DBC76CCD2D1953A400CD96E5 = {
						CreatedOnToolsVersion = 16.2;
						TestTargetID = DBC76CB32D1953A300CD96E5;
					};
				};
			};
			buildConfigurationList = DBC76CAF2D1953A300CD96E5 /* Build configuration list for PBXProject "SessionsPreparing3" */;
			developmentRegion = en;
			hasScannedForEncodings = 0;
			knownRegions = (
				en,
				Base,
			);
			mainGroup = DBC76CAB2D1953A300CD96E5;
			minimizedProjectReferenceProxies = 1;
			packageReferences = (
				DBC76D082D195D5700CD96E5 /* XCRemoteSwiftPackageReference "supabase-swift" */,
			);
			preferredProjectObjectVersion = 77;
			productRefGroup = DBC76CB52D1953A300CD96E5 /* Products */;
			projectDirPath = "";
			projectRoot = "";
			targets = (
				DBC76CB32D1953A300CD96E5 /* SessionsPreparing3 */,
				DBC76CC32D1953A400CD96E5 /* SessionsPreparing3Tests */,
				DBC76CCD2D1953A400CD96E5 /* SessionsPreparing3UITests */,
			);
		};
/* End PBXProject section */

/* Begin PBXResourcesBuildPhase section */
		DBC76CB22D1953A300CD96E5 /* Resources */ = {
			isa = PBXResourcesBuildPhase;
			buildActionMask = 2147483647;
			files = (
				DB5ACB1F2D1BFB8A001E727D /* new-peninim-mt-inclined.ttf in Resources */,
				DB419E1D2D19C00300342857 /* Launch Screen.storyboard in Resources */,
				DBC76CEA2D1953BC00CD96E5 /* Preview Assets.xcassets in Resources */,
				DBC76CEB2D1953BC00CD96E5 /* Assets.xcassets in Resources */,
			);
			runOnlyForDeploymentPostprocessing = 0;
		};
		DBC76CC22D1953A400CD96E5 /* Resources */ = {
			isa = PBXResourcesBuildPhase;
			buildActionMask = 2147483647;
			files = (
				DB5ACB202D1BFB8A001E727D /* new-peninim-mt-inclined.ttf in Resources */,
			);
			runOnlyForDeploymentPostprocessing = 0;
		};
		DBC76CCC2D1953A400CD96E5 /* Resources */ = {
			isa = PBXResourcesBuildPhase;
			buildActionMask = 2147483647;
			files = (
				DB5ACB212D1BFB8A001E727D /* new-peninim-mt-inclined.ttf in Resources */,
			);
			runOnlyForDeploymentPostprocessing = 0;
		};
/* End PBXResourcesBuildPhase section */

/* Begin PBXSourcesBuildPhase section */
		DBC76CB02D1953A300CD96E5 /* Sources */ = {
			isa = PBXSourcesBuildPhase;
			buildActionMask = 2147483647;
			files = (
				DBC76CF82D19549300CD96E5 /* LoginView.swift in Sources */,
				DBC76D072D195D3B00CD96E5 /* SupabaseService.swift in Sources */,
				DBC76CED2D1953BC00CD96E5 /* SessionsPreparing3App.swift in Sources */,
				DBC76D042D195CFD00CD96E5 /* View.swift in Sources */,
				DBC76D022D195CB000CD96E5 /* String.swift in Sources */,
				DBA8CEEF2D1C0BFF0079556E /* CountPages.swift in Sources */,
				DBC76CFF2D1956EA00CD96E5 /* CustomTextFieldStyle.swift in Sources */,
				DBC76CFC2D19553C00CD96E5 /* CustomTextField.swift in Sources */,
				DB5C07872D1A971300506ABA /* Onboards.swift in Sources */,
			);
			runOnlyForDeploymentPostprocessing = 0;
		};
		DBC76CC02D1953A400CD96E5 /* Sources */ = {
			isa = PBXSourcesBuildPhase;
			buildActionMask = 2147483647;
			files = (
				DBC76CE32D1953BC00CD96E5 /* SessionsPreparing3Tests.swift in Sources */,
			);
			runOnlyForDeploymentPostprocessing = 0;
		};
		DBC76CCA2D1953A400CD96E5 /* Sources */ = {
			isa = PBXSourcesBuildPhase;
			buildActionMask = 2147483647;
			files = (
				DBC76CF12D1953BC00CD96E5 /* SessionsPreparing3UITests.swift in Sources */,
				DBC76CF22D1953BC00CD96E5 /* SessionsPreparing3UITestsLaunchTests.swift in Sources */,
			);
			runOnlyForDeploymentPostprocessing = 0;
		};
/* End PBXSourcesBuildPhase section */

/* Begin PBXTargetDependency section */
		DBC76CC62D1953A400CD96E5 /* PBXTargetDependency */ = {
			isa = PBXTargetDependency;
			target = DBC76CB32D1953A300CD96E5 /* SessionsPreparing3 */;
			targetProxy = DBC76CC52D1953A400CD96E5 /* PBXContainerItemProxy */;
		};
		DBC76CD02D1953A400CD96E5 /* PBXTargetDependency */ = {
			isa = PBXTargetDependency;
			target = DBC76CB32D1953A300CD96E5 /* SessionsPreparing3 */;
			targetProxy = DBC76CCF2D1953A400CD96E5 /* PBXContainerItemProxy */;
		};
/* End PBXTargetDependency section */

/* Begin XCBuildConfiguration section */
		DBC76CD62D1953A400CD96E5 /* Debug */ = {
			isa = XCBuildConfiguration;
			buildSettings = {
				ALWAYS_SEARCH_USER_PATHS = NO;
				ASSETCATALOG_COMPILER_GENERATE_SWIFT_ASSET_SYMBOL_EXTENSIONS = YES;
				CLANG_ANALYZER_NONNULL = YES;
				CLANG_ANALYZER_NUMBER_OBJECT_CONVERSION = YES_AGGRESSIVE;
				CLANG_CXX_LANGUAGE_STANDARD = "gnu++20";
				CLANG_ENABLE_MODULES = YES;
				CLANG_ENABLE_OBJC_ARC = YES;
				CLANG_ENABLE_OBJC_WEAK = YES;
				CLANG_WARN_BLOCK_CAPTURE_AUTORELEASING = YES;
				CLANG_WARN_BOOL_CONVERSION = YES;
				CLANG_WARN_COMMA = YES;
				CLANG_WARN_CONSTANT_CONVERSION = YES;
				CLANG_WARN_DEPRECATED_OBJC_IMPLEMENTATIONS = YES;
				CLANG_WARN_DIRECT_OBJC_ISA_USAGE = YES_ERROR;
				CLANG_WARN_DOCUMENTATION_COMMENTS = YES;
				CLANG_WARN_EMPTY_BODY = YES;
				CLANG_WARN_ENUM_CONVERSION = YES;
				CLANG_WARN_INFINITE_RECURSION = YES;
				CLANG_WARN_INT_CONVERSION = YES;
				CLANG_WARN_NON_LITERAL_NULL_CONVERSION = YES;
				CLANG_WARN_OBJC_IMPLICIT_RETAIN_SELF = YES;
				CLANG_WARN_OBJC_LITERAL_CONVERSION = YES;
				CLANG_WARN_OBJC_ROOT_CLASS = YES_ERROR;
				CLANG_WARN_QUOTED_INCLUDE_IN_FRAMEWORK_HEADER = YES;
				CLANG_WARN_RANGE_LOOP_ANALYSIS = YES;
				CLANG_WARN_STRICT_PROTOTYPES = YES;
				CLANG_WARN_SUSPICIOUS_MOVE = YES;
				CLANG_WARN_UNGUARDED_AVAILABILITY = YES_AGGRESSIVE;
				CLANG_WARN_UNREACHABLE_CODE = YES;
				CLANG_WARN__DUPLICATE_METHOD_MATCH = YES;
				COPY_PHASE_STRIP = NO;
				DEBUG_INFORMATION_FORMAT = dwarf;
				ENABLE_STRICT_OBJC_MSGSEND = YES;
				ENABLE_TESTABILITY = YES;
				ENABLE_USER_SCRIPT_SANDBOXING = YES;
				GCC_C_LANGUAGE_STANDARD = gnu17;
				GCC_DYNAMIC_NO_PIC = NO;
				GCC_NO_COMMON_BLOCKS = YES;
				GCC_OPTIMIZATION_LEVEL = 0;
				GCC_PREPROCESSOR_DEFINITIONS = (
					"DEBUG=1",
					"$(inherited)",
				);
				GCC_WARN_64_TO_32_BIT_CONVERSION = YES;
				GCC_WARN_ABOUT_RETURN_TYPE = YES_ERROR;
				GCC_WARN_UNDECLARED_SELECTOR = YES;
				GCC_WARN_UNINITIALIZED_AUTOS = YES_AGGRESSIVE;
				GCC_WARN_UNUSED_FUNCTION = YES;
				GCC_WARN_UNUSED_VARIABLE = YES;
				IPHONEOS_DEPLOYMENT_TARGET = 18.2;
				LOCALIZATION_PREFERS_STRING_CATALOGS = YES;
				MTL_ENABLE_DEBUG_INFO = INCLUDE_SOURCE;
				MTL_FAST_MATH = YES;
				ONLY_ACTIVE_ARCH = YES;
				SDKROOT = iphoneos;
				SWIFT_ACTIVE_COMPILATION_CONDITIONS = "DEBUG $(inherited)";
				SWIFT_OPTIMIZATION_LEVEL = "-Onone";
			};
			name = Debug;
		};
		DBC76CD72D1953A400CD96E5 /* Release */ = {
			isa = XCBuildConfiguration;
			buildSettings = {
				ALWAYS_SEARCH_USER_PATHS = NO;
				ASSETCATALOG_COMPILER_GENERATE_SWIFT_ASSET_SYMBOL_EXTENSIONS = YES;
				CLANG_ANALYZER_NONNULL = YES;
				CLANG_ANALYZER_NUMBER_OBJECT_CONVERSION = YES_AGGRESSIVE;
				CLANG_CXX_LANGUAGE_STANDARD = "gnu++20";
				CLANG_ENABLE_MODULES = YES;
				CLANG_ENABLE_OBJC_ARC = YES;
				CLANG_ENABLE_OBJC_WEAK = YES;
				CLANG_WARN_BLOCK_CAPTURE_AUTORELEASING = YES;
				CLANG_WARN_BOOL_CONVERSION = YES;
				CLANG_WARN_COMMA = YES;
				CLANG_WARN_CONSTANT_CONVERSION = YES;
				CLANG_WARN_DEPRECATED_OBJC_IMPLEMENTATIONS = YES;
				CLANG_WARN_DIRECT_OBJC_ISA_USAGE = YES_ERROR;
				CLANG_WARN_DOCUMENTATION_COMMENTS = YES;
				CLANG_WARN_EMPTY_BODY = YES;
				CLANG_WARN_ENUM_CONVERSION = YES;
				CLANG_WARN_INFINITE_RECURSION = YES;
				CLANG_WARN_INT_CONVERSION = YES;
				CLANG_WARN_NON_LITERAL_NULL_CONVERSION = YES;
				CLANG_WARN_OBJC_IMPLICIT_RETAIN_SELF = YES;
				CLANG_WARN_OBJC_LITERAL_CONVERSION = YES;
				CLANG_WARN_OBJC_ROOT_CLASS = YES_ERROR;
				CLANG_WARN_QUOTED_INCLUDE_IN_FRAMEWORK_HEADER = YES;
				CLANG_WARN_RANGE_LOOP_ANALYSIS = YES;
				CLANG_WARN_STRICT_PROTOTYPES = YES;
				CLANG_WARN_SUSPICIOUS_MOVE = YES;
				CLANG_WARN_UNGUARDED_AVAILABILITY = YES_AGGRESSIVE;
				CLANG_WARN_UNREACHABLE_CODE = YES;
				CLANG_WARN__DUPLICATE_METHOD_MATCH = YES;
				COPY_PHASE_STRIP = NO;
				DEBUG_INFORMATION_FORMAT = "dwarf-with-dsym";
				ENABLE_NS_ASSERTIONS = NO;
				ENABLE_STRICT_OBJC_MSGSEND = YES;
				ENABLE_USER_SCRIPT_SANDBOXING = YES;
				GCC_C_LANGUAGE_STANDARD = gnu17;
				GCC_NO_COMMON_BLOCKS = YES;
				GCC_WARN_64_TO_32_BIT_CONVERSION = YES;
				GCC_WARN_ABOUT_RETURN_TYPE = YES_ERROR;
				GCC_WARN_UNDECLARED_SELECTOR = YES;
				GCC_WARN_UNINITIALIZED_AUTOS = YES_AGGRESSIVE;
				GCC_WARN_UNUSED_FUNCTION = YES;
				GCC_WARN_UNUSED_VARIABLE = YES;
				IPHONEOS_DEPLOYMENT_TARGET = 18.2;
				LOCALIZATION_PREFERS_STRING_CATALOGS = YES;
				MTL_ENABLE_DEBUG_INFO = NO;
				MTL_FAST_MATH = YES;
				SDKROOT = iphoneos;
				SWIFT_COMPILATION_MODE = wholemodule;
				VALIDATE_PRODUCT = YES;
			};
			name = Release;
		};
		DBC76CD92D1953A400CD96E5 /* Debug */ = {
			isa = XCBuildConfiguration;
			buildSettings = {
				ASSETCATALOG_COMPILER_APPICON_NAME = AppIcon;
				ASSETCATALOG_COMPILER_GLOBAL_ACCENT_COLOR_NAME = AccentColor;
				ASSETCATALOG_COMPILER_INCLUDE_ALL_APPICON_ASSETS = NO;
				CODE_SIGN_STYLE = Automatic;
				CURRENT_PROJECT_VERSION = 1;
				DEVELOPMENT_ASSET_PATHS = "\"SessionsPreparing3/Preview Content\"";
				DEVELOPMENT_TEAM = 438T7YBU9N;
				ENABLE_PREVIEWS = YES;
				GENERATE_INFOPLIST_FILE = YES;
				INFOPLIST_FILE = SessionsPreparing3/Info.plist;
				INFOPLIST_KEY_UIApplicationSceneManifest_Generation = YES;
				INFOPLIST_KEY_UIApplicationSupportsIndirectInputEvents = YES;
				INFOPLIST_KEY_UILaunchStoryboardName = "Launch Screen";
				INFOPLIST_KEY_UISupportedInterfaceOrientations_iPad = "UIInterfaceOrientationPortrait UIInterfaceOrientationPortraitUpsideDown UIInterfaceOrientationLandscapeLeft UIInterfaceOrientationLandscapeRight";
				INFOPLIST_KEY_UISupportedInterfaceOrientations_iPhone = "UIInterfaceOrientationPortrait UIInterfaceOrientationLandscapeLeft UIInterfaceOrientationLandscapeRight";
				IPHONEOS_DEPLOYMENT_TARGET = 18.0;
				LD_RUNPATH_SEARCH_PATHS = (
					"$(inherited)",
					"@executable_path/Frameworks",
				);
				MARKETING_VERSION = 1.0;
				PRODUCT_BUNDLE_IDENTIFIER = e.mikhaylov.SessionsPreparing3;
				PRODUCT_NAME = "$(TARGET_NAME)";
				SWIFT_EMIT_LOC_STRINGS = YES;
				SWIFT_VERSION = 5.0;
				TARGETED_DEVICE_FAMILY = "1,2";
			};
			name = Debug;
		};
		DBC76CDA2D1953A400CD96E5 /* Release */ = {
			isa = XCBuildConfiguration;
			buildSettings = {
				ASSETCATALOG_COMPILER_APPICON_NAME = AppIcon;
				ASSETCATALOG_COMPILER_GLOBAL_ACCENT_COLOR_NAME = AccentColor;
				ASSETCATALOG_COMPILER_INCLUDE_ALL_APPICON_ASSETS = NO;
				CODE_SIGN_STYLE = Automatic;
				CURRENT_PROJECT_VERSION = 1;
				DEVELOPMENT_ASSET_PATHS = "\"SessionsPreparing3/Preview Content\"";
				DEVELOPMENT_TEAM = 438T7YBU9N;
				ENABLE_PREVIEWS = YES;
				GENERATE_INFOPLIST_FILE = YES;
				INFOPLIST_FILE = SessionsPreparing3/Info.plist;
				INFOPLIST_KEY_UIApplicationSceneManifest_Generation = YES;
				INFOPLIST_KEY_UIApplicationSupportsIndirectInputEvents = YES;
				INFOPLIST_KEY_UILaunchStoryboardName = "Launch Screen";
				INFOPLIST_KEY_UISupportedInterfaceOrientations_iPad = "UIInterfaceOrientationPortrait UIInterfaceOrientationPortraitUpsideDown UIInterfaceOrientationLandscapeLeft UIInterfaceOrientationLandscapeRight";
				INFOPLIST_KEY_UISupportedInterfaceOrientations_iPhone = "UIInterfaceOrientationPortrait UIInterfaceOrientationLandscapeLeft UIInterfaceOrientationLandscapeRight";
				IPHONEOS_DEPLOYMENT_TARGET = 18.0;
				LD_RUNPATH_SEARCH_PATHS = (
					"$(inherited)",
					"@executable_path/Frameworks",
				);
				MARKETING_VERSION = 1.0;
				PRODUCT_BUNDLE_IDENTIFIER = e.mikhaylov.SessionsPreparing3;
				PRODUCT_NAME = "$(TARGET_NAME)";
				SWIFT_EMIT_LOC_STRINGS = YES;
				SWIFT_VERSION = 5.0;
				TARGETED_DEVICE_FAMILY = "1,2";
			};
			name = Release;
		};
		DBC76CDC2D1953A400CD96E5 /* Debug */ = {
			isa = XCBuildConfiguration;
			buildSettings = {
				BUNDLE_LOADER = "$(TEST_HOST)";
				CODE_SIGN_STYLE = Automatic;
				CURRENT_PROJECT_VERSION = 1;
				DEVELOPMENT_TEAM = 438T7YBU9N;
				GENERATE_INFOPLIST_FILE = YES;
				IPHONEOS_DEPLOYMENT_TARGET = 18.2;
				MARKETING_VERSION = 1.0;
				PRODUCT_BUNDLE_IDENTIFIER = e.mikhaylov.SessionsPreparing3Tests;
				PRODUCT_NAME = "$(TARGET_NAME)";
				SWIFT_EMIT_LOC_STRINGS = NO;
				SWIFT_VERSION = 5.0;
				TARGETED_DEVICE_FAMILY = "1,2";
				TEST_HOST = "$(BUILT_PRODUCTS_DIR)/SessionsPreparing3.app/$(BUNDLE_EXECUTABLE_FOLDER_PATH)/SessionsPreparing3";
			};
			name = Debug;
		};
		DBC76CDD2D1953A400CD96E5 /* Release */ = {
			isa = XCBuildConfiguration;
			buildSettings = {
				BUNDLE_LOADER = "$(TEST_HOST)";
				CODE_SIGN_STYLE = Automatic;
				CURRENT_PROJECT_VERSION = 1;
				DEVELOPMENT_TEAM = 438T7YBU9N;
				GENERATE_INFOPLIST_FILE = YES;
				IPHONEOS_DEPLOYMENT_TARGET = 18.2;
				MARKETING_VERSION = 1.0;
				PRODUCT_BUNDLE_IDENTIFIER = e.mikhaylov.SessionsPreparing3Tests;
				PRODUCT_NAME = "$(TARGET_NAME)";
				SWIFT_EMIT_LOC_STRINGS = NO;
				SWIFT_VERSION = 5.0;
				TARGETED_DEVICE_FAMILY = "1,2";
				TEST_HOST = "$(BUILT_PRODUCTS_DIR)/SessionsPreparing3.app/$(BUNDLE_EXECUTABLE_FOLDER_PATH)/SessionsPreparing3";
			};
			name = Release;
		};
		DBC76CDF2D1953A400CD96E5 /* Debug */ = {
			isa = XCBuildConfiguration;
			buildSettings = {
				CODE_SIGN_STYLE = Automatic;
				CURRENT_PROJECT_VERSION = 1;
				DEVELOPMENT_TEAM = 438T7YBU9N;
				GENERATE_INFOPLIST_FILE = YES;
				MARKETING_VERSION = 1.0;
				PRODUCT_BUNDLE_IDENTIFIER = e.mikhaylov.SessionsPreparing3UITests;
				PRODUCT_NAME = "$(TARGET_NAME)";
				SWIFT_EMIT_LOC_STRINGS = NO;
				SWIFT_VERSION = 5.0;
				TARGETED_DEVICE_FAMILY = "1,2";
				TEST_TARGET_NAME = SessionsPreparing3;
			};
			name = Debug;
		};
		DBC76CE02D1953A400CD96E5 /* Release */ = {
			isa = XCBuildConfiguration;
			buildSettings = {
				CODE_SIGN_STYLE = Automatic;
				CURRENT_PROJECT_VERSION = 1;
				DEVELOPMENT_TEAM = 438T7YBU9N;
				GENERATE_INFOPLIST_FILE = YES;
				MARKETING_VERSION = 1.0;
				PRODUCT_BUNDLE_IDENTIFIER = e.mikhaylov.SessionsPreparing3UITests;
				PRODUCT_NAME = "$(TARGET_NAME)";
				SWIFT_EMIT_LOC_STRINGS = NO;
				SWIFT_VERSION = 5.0;
				TARGETED_DEVICE_FAMILY = "1,2";
				TEST_TARGET_NAME = SessionsPreparing3;
			};
			name = Release;
		};
/* End XCBuildConfiguration section */

/* Begin XCConfigurationList section */
		DBC76CAF2D1953A300CD96E5 /* Build configuration list for PBXProject "SessionsPreparing3" */ = {
			isa = XCConfigurationList;
			buildConfigurations = (
				DBC76CD62D1953A400CD96E5 /* Debug */,
				DBC76CD72D1953A400CD96E5 /* Release */,
			);
			defaultConfigurationIsVisible = 0;
			defaultConfigurationName = Release;
		};
		DBC76CD82D1953A400CD96E5 /* Build configuration list for PBXNativeTarget "SessionsPreparing3" */ = {
			isa = XCConfigurationList;
			buildConfigurations = (
				DBC76CD92D1953A400CD96E5 /* Debug */,
				DBC76CDA2D1953A400CD96E5 /* Release */,
			);
			defaultConfigurationIsVisible = 0;
			defaultConfigurationName = Release;
		};
		DBC76CDB2D1953A400CD96E5 /* Build configuration list for PBXNativeTarget "SessionsPreparing3Tests" */ = {
			isa = XCConfigurationList;
			buildConfigurations = (
				DBC76CDC2D1953A400CD96E5 /* Debug */,
				DBC76CDD2D1953A400CD96E5 /* Release */,
			);
			defaultConfigurationIsVisible = 0;
			defaultConfigurationName = Release;
		};
		DBC76CDE2D1953A400CD96E5 /* Build configuration list for PBXNativeTarget "SessionsPreparing3UITests" */ = {
			isa = XCConfigurationList;
			buildConfigurations = (
				DBC76CDF2D1953A400CD96E5 /* Debug */,
				DBC76CE02D1953A400CD96E5 /* Release */,
			);
			defaultConfigurationIsVisible = 0;
			defaultConfigurationName = Release;
		};
/* End XCConfigurationList section */

/* Begin XCRemoteSwiftPackageReference section */
		DBC76D082D195D5700CD96E5 /* XCRemoteSwiftPackageReference "supabase-swift" */ = {
			isa = XCRemoteSwiftPackageReference;
			repositoryURL = "https://github.com/supabase/supabase-swift.git";
			requirement = {
				kind = upToNextMajorVersion;
				minimumVersion = 2.5.1;
			};
		};
/* End XCRemoteSwiftPackageReference section */

/* Begin XCSwiftPackageProductDependency section */
		DBC76D092D195D5700CD96E5 /* Auth */ = {
			isa = XCSwiftPackageProductDependency;
			package = DBC76D082D195D5700CD96E5 /* XCRemoteSwiftPackageReference "supabase-swift" */;
			productName = Auth;
		};
		DBC76D0B2D195D5700CD96E5 /* Functions */ = {
			isa = XCSwiftPackageProductDependency;
			package = DBC76D082D195D5700CD96E5 /* XCRemoteSwiftPackageReference "supabase-swift" */;
			productName = Functions;
		};
		DBC76D0D2D195D5700CD96E5 /* PostgREST */ = {
			isa = XCSwiftPackageProductDependency;
			package = DBC76D082D195D5700CD96E5 /* XCRemoteSwiftPackageReference "supabase-swift" */;
			productName = PostgREST;
		};
		DBC76D0F2D195D5700CD96E5 /* Realtime */ = {
			isa = XCSwiftPackageProductDependency;
			package = DBC76D082D195D5700CD96E5 /* XCRemoteSwiftPackageReference "supabase-swift" */;
			productName = Realtime;
		};
		DBC76D112D195D5700CD96E5 /* Storage */ = {
			isa = XCSwiftPackageProductDependency;
			package = DBC76D082D195D5700CD96E5 /* XCRemoteSwiftPackageReference "supabase-swift" */;
			productName = Storage;
		};
		DBC76D132D195D5700CD96E5 /* Supabase */ = {
			isa = XCSwiftPackageProductDependency;
			package = DBC76D082D195D5700CD96E5 /* XCRemoteSwiftPackageReference "supabase-swift" */;
			productName = Supabase;
		};
/* End XCSwiftPackageProductDependency section */
	};
	rootObject = DBC76CAC2D1953A300CD96E5 /* Project object */;
}
